
Microsoft Visual Studio Solution File, Format Version 12.00
# Visual Studio Version 17
VisualStudioVersion = 17.14.36414.22 d17.14
MinimumVisualStudioVersion = 10.0.40219.1
Project("{2150E333-8FDC-42A3-9474-1A3956D46DE8}") = "Task0", "Task0", "{02EA681E-C7D8-13C7-8484-4AC65E1B71E8}"
EndProject
Project("{2150E333-8FDC-42A3-9474-1A3956D46DE8}") = "Task1", "Task1", "{1E648427-DE2D-488B-8816-1CF320EEECC6}"
EndProject
Project("{2150E333-8FDC-42A3-9474-1A3956D46DE8}") = "Task3", "Task3", "{EC55F859-95DC-4124-9BFB-5E8B303FBFE6}"
EndProject
Project("{2150E333-8FDC-42A3-9474-1A3956D46DE8}") = "Task4", "Task4", "{8EFBAC61-066A-4EB7-8E43-FAC4E8243B8D}"
EndProject
Project("{2150E333-8FDC-42A3-9474-1A3956D46DE8}") = "Task5", "Task5", "{F90A9428-5340-4862-9183-2DEC1B337D35}"
EndProject
Project("{2150E333-8FDC-42A3-9474-1A3956D46DE8}") = "Task6", "Task6", "{99D4BD0B-55E1-4268-BD98-C91644776998}"
EndProject
Project("{2150E333-8FDC-42A3-9474-1A3956D46DE8}") = "Task7", "Task7", "{7F851D0A-8306-47E7-8001-6BD248DDBF3A}"
EndProject
Project("{FAE04EC0-301F-11D3-BF4B-00C04F79EFBC}") = "Tyuiu.GaberkornEL.Sprint4.Task0.V3", "Tyuiu.GaberkornEL.Sprint4.Task0.V3\Tyuiu.GaberkornEL.Sprint4.Task0.V3.csproj", "{FCE8FB92-02D1-4818-A276-EAAD6DD6DE55}"
EndProject
Project("{FAE04EC0-301F-11D3-BF4B-00C04F79EFBC}") = "Tyuiu.GaberkornEL.Sprint4.Task0.V3.Lib", "Tyuiu.GaberkornEL.Sprint4.Task0.V3.Lib\Tyuiu.GaberkornEL.Sprint4.Task0.V3.Lib.csproj", "{A3138939-DB49-40A9-8B9A-94BE153B134B}"
EndProject
Project("{FAE04EC0-301F-11D3-BF4B-00C04F79EFBC}") = "Tyuiu.GaberkornEL.Sprint4.Task0.V3.Test", "Tyuiu.GaberkornEL.Sprint4.Task0.V3.Test\Tyuiu.GaberkornEL.Sprint4.Task0.V3.Test.csproj", "{19A033CB-8FB0-4CA9-9AC1-3CFF0242517C}"
EndProject
Project("{FAE04EC0-301F-11D3-BF4B-00C04F79EFBC}") = "Tyuiu.GaberkornEL.Sprint4.Task1.V3", "Tyuiu.GaberkornEL.Sprint4.Task1.V3\Tyuiu.GaberkornEL.Sprint4.Task1.V3.csproj", "{4A9849A7-1C6B-4294-AC70-374FE4015A33}"
EndProject
Project("{FAE04EC0-301F-11D3-BF4B-00C04F79EFBC}") = "Tyuiu.GaberkornEL.Sprint4.Task1.V3.Lib", "Tyuiu.GaberkornEL.Sprint4.Task1.V3.Lib\Tyuiu.GaberkornEL.Sprint4.Task1.V3.Lib.csproj", "{901FB614-A8ED-40C5-81C2-16FF84827804}"
EndProject
Project("{FAE04EC0-301F-11D3-BF4B-00C04F79EFBC}") = "Tyuiu.GaberkornEL.Sprint4.Task1.V3.Test", "Tyuiu.GaberkornEL.Sprint4.Task1.V3.Test\Tyuiu.GaberkornEL.Sprint4.Task1.V3.Test.csproj", "{4B46CCAD-FBCD-4270-9CF1-55DE0E4FDEB1}"
EndProject
Project("{2150E333-8FDC-42A3-9474-1A3956D46DE8}") = "Task2", "Task2", "{42A5A093-D30E-4EE5-B62E-98A8818CA913}"
EndProject
Project("{FAE04EC0-301F-11D3-BF4B-00C04F79EFBC}") = "Tyuiu.GaberkornEL.Sprint4.Task2.V21", "Tyuiu.GaberkornEL.Sprint4.Task2.V21\Tyuiu.GaberkornEL.Sprint4.Task2.V21.csproj", "{9E0B20C8-19CD-4866-A421-BF92C270AEA6}"
EndProject
Project("{FAE04EC0-301F-11D3-BF4B-00C04F79EFBC}") = "Tyuiu.GaberkornEL.Sprint4.Task2.V21.Lib", "Tyuiu.GaberkornEL.Sprint4.Task2.V21.Lib\Tyuiu.GaberkornEL.Sprint4.Task2.V21.Lib.csproj", "{F3D0D129-A4BD-45F3-BD44-4362A97ABB44}"
EndProject
Project("{FAE04EC0-301F-11D3-BF4B-00C04F79EFBC}") = "Tyuiu.GaberkornEL.Sprint4.Task2.V21.Test", "Tyuiu.GaberkornEL.Sprint4.Task2.V21.Test\Tyuiu.GaberkornEL.Sprint4.Task2.V21.Test.csproj", "{CE08A490-33C7-4B18-9A37-6FAA33D51596}"
EndProject
Project("{FAE04EC0-301F-11D3-BF4B-00C04F79EFBC}") = "Tyuiu.GaberkornEL.Sprint4.Task3.V13", "Tyuiu.GaberkornEL.Sprint4.Task3.V13\Tyuiu.GaberkornEL.Sprint4.Task3.V13.csproj", "{5A58C407-17E8-4514-816D-5F662D6EF2C4}"
EndProject
Project("{FAE04EC0-301F-11D3-BF4B-00C04F79EFBC}") = "Tyuiu.GaberkornEL.Sprint4.Task3.V13.Lib", "Tyuiu.GaberkornEL.Sprint4.Task3.V13.Lib\Tyuiu.GaberkornEL.Sprint4.Task3.V13.Lib.csproj", "{F591D79D-B6B5-4D6B-8089-26A1D9394C9C}"
EndProject
Project("{FAE04EC0-301F-11D3-BF4B-00C04F79EFBC}") = "Tyuiu.GaberkornEL.Sprint4.Task3.V13.Test", "Tyuiu.GaberkornEL.Sprint4.Task3.V13.Test\Tyuiu.GaberkornEL.Sprint4.Task3.V13.Test.csproj", "{25210517-4274-4132-B448-964ED1159593}"
EndProject
Project("{FAE04EC0-301F-11D3-BF4B-00C04F79EFBC}") = "Tyuiu.GaberkornEL.Sprint4.Task4.V11", "Tyuiu.GaberkornEL.Sprint4.Task4.V11\Tyuiu.GaberkornEL.Sprint4.Task4.V11.csproj", "{2F73B51E-640D-4F00-90FA-F1DD0207496C}"
EndProject
Project("{FAE04EC0-301F-11D3-BF4B-00C04F79EFBC}") = "Tyuiu.GaberkornEL.Sprint4.Task4.V11.Lib", "Tyuiu.GaberkornEL.Sprint4.Task4.V11.Lib\Tyuiu.GaberkornEL.Sprint4.Task4.V11.Lib.csproj", "{BFF7E526-7150-43F4-8B3B-E4104AE62ABC}"
EndProject
Project("{FAE04EC0-301F-11D3-BF4B-00C04F79EFBC}") = "Tyuiu.GaberkornEL.Sprint4.Task4.V11.Test", "Tyuiu.GaberkornEL.Sprint4.Task4.V11.Test\Tyuiu.GaberkornEL.Sprint4.Task4.V11.Test.csproj", "{C8546B20-A156-4456-9DB9-13A7184A8211}"
EndProject
Global
	GlobalSection(SolutionConfigurationPlatforms) = preSolution
		Debug|Any CPU = Debug|Any CPU
		Release|Any CPU = Release|Any CPU
	EndGlobalSection
	GlobalSection(ProjectConfigurationPlatforms) = postSolution
		{FCE8FB92-02D1-4818-A276-EAAD6DD6DE55}.Debug|Any CPU.ActiveCfg = Debug|Any CPU
		{FCE8FB92-02D1-4818-A276-EAAD6DD6DE55}.Debug|Any CPU.Build.0 = Debug|Any CPU
		{FCE8FB92-02D1-4818-A276-EAAD6DD6DE55}.Release|Any CPU.ActiveCfg = Release|Any CPU
		{FCE8FB92-02D1-4818-A276-EAAD6DD6DE55}.Release|Any CPU.Build.0 = Release|Any CPU
		{A3138939-DB49-40A9-8B9A-94BE153B134B}.Debug|Any CPU.ActiveCfg = Debug|Any CPU
		{A3138939-DB49-40A9-8B9A-94BE153B134B}.Debug|Any CPU.Build.0 = Debug|Any CPU
		{A3138939-DB49-40A9-8B9A-94BE153B134B}.Release|Any CPU.ActiveCfg = Release|Any CPU
		{A3138939-DB49-40A9-8B9A-94BE153B134B}.Release|Any CPU.Build.0 = Release|Any CPU
		{19A033CB-8FB0-4CA9-9AC1-3CFF0242517C}.Debug|Any CPU.ActiveCfg = Debug|Any CPU
		{19A033CB-8FB0-4CA9-9AC1-3CFF0242517C}.Debug|Any CPU.Build.0 = Debug|Any CPU
		{19A033CB-8FB0-4CA9-9AC1-3CFF0242517C}.Release|Any CPU.ActiveCfg = Release|Any CPU
		{19A033CB-8FB0-4CA9-9AC1-3CFF0242517C}.Release|Any CPU.Build.0 = Release|Any CPU
		{4A9849A7-1C6B-4294-AC70-374FE4015A33}.Debug|Any CPU.ActiveCfg = Debug|Any CPU
		{4A9849A7-1C6B-4294-AC70-374FE4015A33}.Debug|Any CPU.Build.0 = Debug|Any CPU
		{4A9849A7-1C6B-4294-AC70-374FE4015A33}.Release|Any CPU.ActiveCfg = Release|Any CPU
		{4A9849A7-1C6B-4294-AC70-374FE4015A33}.Release|Any CPU.Build.0 = Release|Any CPU
		{901FB614-A8ED-40C5-81C2-16FF84827804}.Debug|Any CPU.ActiveCfg = Debug|Any CPU
		{901FB614-A8ED-40C5-81C2-16FF84827804}.Debug|Any CPU.Build.0 = Debug|Any CPU
		{901FB614-A8ED-40C5-81C2-16FF84827804}.Release|Any CPU.ActiveCfg = Release|Any CPU
		{901FB614-A8ED-40C5-81C2-16FF84827804}.Release|Any CPU.Build.0 = Release|Any CPU
		{4B46CCAD-FBCD-4270-9CF1-55DE0E4FDEB1}.Debug|Any CPU.ActiveCfg = Debug|Any CPU
		{4B46CCAD-FBCD-4270-9CF1-55DE0E4FDEB1}.Debug|Any CPU.Build.0 = Debug|Any CPU
		{4B46CCAD-FBCD-4270-9CF1-55DE0E4FDEB1}.Release|Any CPU.ActiveCfg = Release|Any CPU
		{4B46CCAD-FBCD-4270-9CF1-55DE0E4FDEB1}.Release|Any CPU.Build.0 = Release|Any CPU
		{9E0B20C8-19CD-4866-A421-BF92C270AEA6}.Debug|Any CPU.ActiveCfg = Debug|Any CPU
		{9E0B20C8-19CD-4866-A421-BF92C270AEA6}.Debug|Any CPU.Build.0 = Debug|Any CPU
		{9E0B20C8-19CD-4866-A421-BF92C270AEA6}.Release|Any CPU.ActiveCfg = Release|Any CPU
		{9E0B20C8-19CD-4866-A421-BF92C270AEA6}.Release|Any CPU.Build.0 = Release|Any CPU
		{F3D0D129-A4BD-45F3-BD44-4362A97ABB44}.Debug|Any CPU.ActiveCfg = Debug|Any CPU
		{F3D0D129-A4BD-45F3-BD44-4362A97ABB44}.Debug|Any CPU.Build.0 = Debug|Any CPU
		{F3D0D129-A4BD-45F3-BD44-4362A97ABB44}.Release|Any CPU.ActiveCfg = Release|Any CPU
		{F3D0D129-A4BD-45F3-BD44-4362A97ABB44}.Release|Any CPU.Build.0 = Release|Any CPU
		{CE08A490-33C7-4B18-9A37-6FAA33D51596}.Debug|Any CPU.ActiveCfg = Debug|Any CPU
		{CE08A490-33C7-4B18-9A37-6FAA33D51596}.Debug|Any CPU.Build.0 = Debug|Any CPU
		{CE08A490-33C7-4B18-9A37-6FAA33D51596}.Release|Any CPU.ActiveCfg = Release|Any CPU
		{CE08A490-33C7-4B18-9A37-6FAA33D51596}.Release|Any CPU.Build.0 = Release|Any CPU
		{5A58C407-17E8-4514-816D-5F662D6EF2C4}.Debug|Any CPU.ActiveCfg = Debug|Any CPU
		{5A58C407-17E8-4514-816D-5F662D6EF2C4}.Debug|Any CPU.Build.0 = Debug|Any CPU
		{5A58C407-17E8-4514-816D-5F662D6EF2C4}.Release|Any CPU.ActiveCfg = Release|Any CPU
		{5A58C407-17E8-4514-816D-5F662D6EF2C4}.Release|Any CPU.Build.0 = Release|Any CPU
		{F591D79D-B6B5-4D6B-8089-26A1D9394C9C}.Debug|Any CPU.ActiveCfg = Debug|Any CPU
		{F591D79D-B6B5-4D6B-8089-26A1D9394C9C}.Debug|Any CPU.Build.0 = Debug|Any CPU
		{F591D79D-B6B5-4D6B-8089-26A1D9394C9C}.Release|Any CPU.ActiveCfg = Release|Any CPU
		{F591D79D-B6B5-4D6B-8089-26A1D9394C9C}.Release|Any CPU.Build.0 = Release|Any CPU
		{25210517-4274-4132-B448-964ED1159593}.Debug|Any CPU.ActiveCfg = Debug|Any CPU
		{25210517-4274-4132-B448-964ED1159593}.Debug|Any CPU.Build.0 = Debug|Any CPU
		{25210517-4274-4132-B448-964ED1159593}.Release|Any CPU.ActiveCfg = Release|Any CPU
		{25210517-4274-4132-B448-964ED1159593}.Release|Any CPU.Build.0 = Release|Any CPU
		{2F73B51E-640D-4F00-90FA-F1DD0207496C}.Debug|Any CPU.ActiveCfg = Debug|Any CPU
		{2F73B51E-640D-4F00-90FA-F1DD0207496C}.Debug|Any CPU.Build.0 = Debug|Any CPU
		{2F73B51E-640D-4F00-90FA-F1DD0207496C}.Release|Any CPU.ActiveCfg = Release|Any CPU
		{2F73B51E-640D-4F00-90FA-F1DD0207496C}.Release|Any CPU.Build.0 = Release|Any CPU
		{BFF7E526-7150-43F4-8B3B-E4104AE62ABC}.Debug|Any CPU.ActiveCfg = Debug|Any CPU
		{BFF7E526-7150-43F4-8B3B-E4104AE62ABC}.Debug|Any CPU.Build.0 = Debug|Any CPU
		{BFF7E526-7150-43F4-8B3B-E4104AE62ABC}.Release|Any CPU.ActiveCfg = Release|Any CPU
		{BFF7E526-7150-43F4-8B3B-E4104AE62ABC}.Release|Any CPU.Build.0 = Release|Any CPU
		{C8546B20-A156-4456-9DB9-13A7184A8211}.Debug|Any CPU.ActiveCfg = Debug|Any CPU
		{C8546B20-A156-4456-9DB9-13A7184A8211}.Debug|Any CPU.Build.0 = Debug|Any CPU
		{C8546B20-A156-4456-9DB9-13A7184A8211}.Release|Any CPU.ActiveCfg = Release|Any CPU
		{C8546B20-A156-4456-9DB9-13A7184A8211}.Release|Any CPU.Build.0 = Release|Any CPU
	EndGlobalSection
	GlobalSection(SolutionProperties) = preSolution
		HideSolutionNode = FALSE
	EndGlobalSection
	GlobalSection(NestedProjects) = preSolution
		{FCE8FB92-02D1-4818-A276-EAAD6DD6DE55} = {02EA681E-C7D8-13C7-8484-4AC65E1B71E8}
		{A3138939-DB49-40A9-8B9A-94BE153B134B} = {02EA681E-C7D8-13C7-8484-4AC65E1B71E8}
		{19A033CB-8FB0-4CA9-9AC1-3CFF0242517C} = {02EA681E-C7D8-13C7-8484-4AC65E1B71E8}
		{4A9849A7-1C6B-4294-AC70-374FE4015A33} = {1E648427-DE2D-488B-8816-1CF320EEECC6}
		{901FB614-A8ED-40C5-81C2-16FF84827804} = {1E648427-DE2D-488B-8816-1CF320EEECC6}
		{4B46CCAD-FBCD-4270-9CF1-55DE0E4FDEB1} = {1E648427-DE2D-488B-8816-1CF320EEECC6}
		{9E0B20C8-19CD-4866-A421-BF92C270AEA6} = {42A5A093-D30E-4EE5-B62E-98A8818CA913}
		{F3D0D129-A4BD-45F3-BD44-4362A97ABB44} = {42A5A093-D30E-4EE5-B62E-98A8818CA913}
		{CE08A490-33C7-4B18-9A37-6FAA33D51596} = {42A5A093-D30E-4EE5-B62E-98A8818CA913}
		{5A58C407-17E8-4514-816D-5F662D6EF2C4} = {EC55F859-95DC-4124-9BFB-5E8B303FBFE6}
		{F591D79D-B6B5-4D6B-8089-26A1D9394C9C} = {EC55F859-95DC-4124-9BFB-5E8B303FBFE6}
		{25210517-4274-4132-B448-964ED1159593} = {EC55F859-95DC-4124-9BFB-5E8B303FBFE6}
		{2F73B51E-640D-4F00-90FA-F1DD0207496C} = {8EFBAC61-066A-4EB7-8E43-FAC4E8243B8D}
		{BFF7E526-7150-43F4-8B3B-E4104AE62ABC} = {8EFBAC61-066A-4EB7-8E43-FAC4E8243B8D}
		{C8546B20-A156-4456-9DB9-13A7184A8211} = {8EFBAC61-066A-4EB7-8E43-FAC4E8243B8D}
	EndGlobalSection
	GlobalSection(ExtensibilityGlobals) = postSolution
		SolutionGuid = {F263ACF5-D6A9-4417-9A44-D9259095604D}
	EndGlobalSection
EndGlobal
